
Microsoft Visual Studio Solution File, Format Version 12.00
# Visual Studio Version 17
VisualStudioVersion = 17.5.33424.131
MinimumVisualStudioVersion = 10.0.40219.1
Project("{9A19103F-16F7-4668-BE54-9A1E7A4F7556}") = "Flight-Server", "Flight-Server\Flight-Server.csproj", "{0407D5E0-9D43-4846-A6BE-755F88A03802}"
EndProject
Project("{9A19103F-16F7-4668-BE54-9A1E7A4F7556}") = "Flight-Logic", "Flight-Logic\Flight-Logic.csproj", "{C15A4B9D-0C6C-4434-BBE6-A7DF4971A122}"
EndProject
Global
	GlobalSection(SolutionConfigurationPlatforms) = preSolution
		Debug|Any CPU = Debug|Any CPU
		Release|Any CPU = Release|Any CPU
	EndGlobalSection
	GlobalSection(ProjectConfigurationPlatforms) = postSolution
		{0407D5E0-9D43-4846-A6BE-755F88A03802}.Debug|Any CPU.ActiveCfg = Debug|Any CPU
		{0407D5E0-9D43-4846-A6BE-755F88A03802}.Debug|Any CPU.Build.0 = Debug|Any CPU
		{0407D5E0-9D43-4846-A6BE-755F88A03802}.Release|Any CPU.ActiveCfg = Release|Any CPU
		{0407D5E0-9D43-4846-A6BE-755F88A03802}.Release|Any CPU.Build.0 = Release|Any CPU
		{C15A4B9D-0C6C-4434-BBE6-A7DF4971A122}.Debug|Any CPU.ActiveCfg = Debug|Any CPU
		{C15A4B9D-0C6C-4434-BBE6-A7DF4971A122}.Debug|Any CPU.Build.0 = Debug|Any CPU
		{C15A4B9D-0C6C-4434-BBE6-A7DF4971A122}.Release|Any CPU.ActiveCfg = Release|Any CPU
		{C15A4B9D-0C6C-4434-BBE6-A7DF4971A122}.Release|Any CPU.Build.0 = Release|Any CPU
	EndGlobalSection
	GlobalSection(SolutionProperties) = preSolution
		HideSolutionNode = FALSE
	EndGlobalSection
	GlobalSection(ExtensibilityGlobals) = postSolution
		SolutionGuid = {3883FF87-8B6F-462B-A522-0F974A640877}
	EndGlobalSection
EndGlobal
